
Microsoft Visual Studio Solution File, Format Version 12.00
# Visual Studio Version 17
VisualStudioVersion = 17.9.34723.18
MinimumVisualStudioVersion = 10.0.40219.1
Project("{FAE04EC0-301F-11D3-BF4B-00C04F79EFBC}") = "ejercicioTres", "ejercicioTres\ejercicioTres.csproj", "{A151BD2D-E474-4C86-AF42-DD884463DB30}"
EndProject
Global
	GlobalSection(SolutionConfigurationPlatforms) = preSolution
		Debug|Any CPU = Debug|Any CPU
		Release|Any CPU = Release|Any CPU
	EndGlobalSection
	GlobalSection(ProjectConfigurationPlatforms) = postSolution
		{A151BD2D-E474-4C86-AF42-DD884463DB30}.Debug|Any CPU.ActiveCfg = Debug|Any CPU
		{A151BD2D-E474-4C86-AF42-DD884463DB30}.Debug|Any CPU.Build.0 = Debug|Any CPU
		{A151BD2D-E474-4C86-AF42-DD884463DB30}.Release|Any CPU.ActiveCfg = Release|Any CPU
		{A151BD2D-E474-4C86-AF42-DD884463DB30}.Release|Any CPU.Build.0 = Release|Any CPU
	EndGlobalSection
	GlobalSection(SolutionProperties) = preSolution
		HideSolutionNode = FALSE
	EndGlobalSection
	GlobalSection(ExtensibilityGlobals) = postSolution
		SolutionGuid = {89A2CE0A-BA77-4517-99EC-4F9C1C513FCD}
	EndGlobalSection
EndGlobal
