
Microsoft Visual Studio Solution File, Format Version 12.00
# Visual Studio Version 17
VisualStudioVersion = 17.10.35201.131
MinimumVisualStudioVersion = 10.0.40219.1
Project("{FAE04EC0-301F-11D3-BF4B-00C04F79EFBC}") = "Bob", "Bob\Bob.csproj", "{F97B8C61-BCBA-4D1B-80E8-D8C160D0939F}"
EndProject
Global
	GlobalSection(SolutionConfigurationPlatforms) = preSolution
		Debug|Any CPU = Debug|Any CPU
		Release|Any CPU = Release|Any CPU
	EndGlobalSection
	GlobalSection(ProjectConfigurationPlatforms) = postSolution
		{F97B8C61-BCBA-4D1B-80E8-D8C160D0939F}.Debug|Any CPU.ActiveCfg = Debug|Any CPU
		{F97B8C61-BCBA-4D1B-80E8-D8C160D0939F}.Debug|Any CPU.Build.0 = Debug|Any CPU
		{F97B8C61-BCBA-4D1B-80E8-D8C160D0939F}.Release|Any CPU.ActiveCfg = Release|Any CPU
		{F97B8C61-BCBA-4D1B-80E8-D8C160D0939F}.Release|Any CPU.Build.0 = Release|Any CPU
	EndGlobalSection
	GlobalSection(SolutionProperties) = preSolution
		HideSolutionNode = FALSE
	EndGlobalSection
	GlobalSection(ExtensibilityGlobals) = postSolution
		SolutionGuid = {F257C20A-D072-4D59-9887-9A9ED3255E01}
	EndGlobalSection
EndGlobal
