
Microsoft Visual Studio Solution File, Format Version 12.00
# Visual Studio Version 17
VisualStudioVersion = 17.9.34728.123
MinimumVisualStudioVersion = 10.0.40219.1
Project("{FAE04EC0-301F-11D3-BF4B-00C04F79EFBC}") = "ejercicioSeis", "ejercicioSeis\ejercicioSeis.csproj", "{8154343E-99C4-4232-A85A-8806ACB3E712}"
EndProject
Global
	GlobalSection(SolutionConfigurationPlatforms) = preSolution
		Debug|Any CPU = Debug|Any CPU
		Release|Any CPU = Release|Any CPU
	EndGlobalSection
	GlobalSection(ProjectConfigurationPlatforms) = postSolution
		{8154343E-99C4-4232-A85A-8806ACB3E712}.Debug|Any CPU.ActiveCfg = Debug|Any CPU
		{8154343E-99C4-4232-A85A-8806ACB3E712}.Debug|Any CPU.Build.0 = Debug|Any CPU
		{8154343E-99C4-4232-A85A-8806ACB3E712}.Release|Any CPU.ActiveCfg = Release|Any CPU
		{8154343E-99C4-4232-A85A-8806ACB3E712}.Release|Any CPU.Build.0 = Release|Any CPU
	EndGlobalSection
	GlobalSection(SolutionProperties) = preSolution
		HideSolutionNode = FALSE
	EndGlobalSection
	GlobalSection(ExtensibilityGlobals) = postSolution
		SolutionGuid = {95F023CA-59B4-4F4D-AADF-E5624D8B7E20}
	EndGlobalSection
EndGlobal
