
Microsoft Visual Studio Solution File, Format Version 12.00
# Visual Studio Version 17
VisualStudioVersion = 17.9.34723.18
MinimumVisualStudioVersion = 10.0.40219.1
Project("{FAE04EC0-301F-11D3-BF4B-00C04F79EFBC}") = "ejerciciosListasBis", "ejerciciosListasBis\ejerciciosListasBis.csproj", "{30C734D5-FFC3-4233-8290-6412835EF5BC}"
EndProject
Global
	GlobalSection(SolutionConfigurationPlatforms) = preSolution
		Debug|Any CPU = Debug|Any CPU
		Release|Any CPU = Release|Any CPU
	EndGlobalSection
	GlobalSection(ProjectConfigurationPlatforms) = postSolution
		{30C734D5-FFC3-4233-8290-6412835EF5BC}.Debug|Any CPU.ActiveCfg = Debug|Any CPU
		{30C734D5-FFC3-4233-8290-6412835EF5BC}.Debug|Any CPU.Build.0 = Debug|Any CPU
		{30C734D5-FFC3-4233-8290-6412835EF5BC}.Release|Any CPU.ActiveCfg = Release|Any CPU
		{30C734D5-FFC3-4233-8290-6412835EF5BC}.Release|Any CPU.Build.0 = Release|Any CPU
	EndGlobalSection
	GlobalSection(SolutionProperties) = preSolution
		HideSolutionNode = FALSE
	EndGlobalSection
	GlobalSection(ExtensibilityGlobals) = postSolution
		SolutionGuid = {4207747A-FF42-44A8-959E-8E94271FEE3A}
	EndGlobalSection
EndGlobal
