
Microsoft Visual Studio Solution File, Format Version 12.00
# Visual Studio Version 17
VisualStudioVersion = 17.9.34728.123
MinimumVisualStudioVersion = 10.0.40219.1
Project("{FAE04EC0-301F-11D3-BF4B-00C04F79EFBC}") = "ejerciciosDOWHILE", "ejerciciosDOWHILE\ejerciciosDOWHILE.csproj", "{07165CA6-0D8A-44EF-B271-B9F212C27BC4}"
EndProject
Global
	GlobalSection(SolutionConfigurationPlatforms) = preSolution
		Debug|Any CPU = Debug|Any CPU
		Release|Any CPU = Release|Any CPU
	EndGlobalSection
	GlobalSection(ProjectConfigurationPlatforms) = postSolution
		{07165CA6-0D8A-44EF-B271-B9F212C27BC4}.Debug|Any CPU.ActiveCfg = Debug|Any CPU
		{07165CA6-0D8A-44EF-B271-B9F212C27BC4}.Debug|Any CPU.Build.0 = Debug|Any CPU
		{07165CA6-0D8A-44EF-B271-B9F212C27BC4}.Release|Any CPU.ActiveCfg = Release|Any CPU
		{07165CA6-0D8A-44EF-B271-B9F212C27BC4}.Release|Any CPU.Build.0 = Release|Any CPU
	EndGlobalSection
	GlobalSection(SolutionProperties) = preSolution
		HideSolutionNode = FALSE
	EndGlobalSection
	GlobalSection(ExtensibilityGlobals) = postSolution
		SolutionGuid = {57D55F7D-1183-48A4-A854-E553161DC449}
	EndGlobalSection
EndGlobal
