
Microsoft Visual Studio Solution File, Format Version 12.00
# Visual Studio Version 17
VisualStudioVersion = 17.9.34728.123
MinimumVisualStudioVersion = 10.0.40219.1
Project("{FAE04EC0-301F-11D3-BF4B-00C04F79EFBC}") = "La infiltracion de Analia", "La infiltracion de Analia\La infiltracion de Analia.csproj", "{A43694C6-FEC1-471D-9D51-62D1009502EE}"
EndProject
Global
	GlobalSection(SolutionConfigurationPlatforms) = preSolution
		Debug|Any CPU = Debug|Any CPU
		Release|Any CPU = Release|Any CPU
	EndGlobalSection
	GlobalSection(ProjectConfigurationPlatforms) = postSolution
		{A43694C6-FEC1-471D-9D51-62D1009502EE}.Debug|Any CPU.ActiveCfg = Debug|Any CPU
		{A43694C6-FEC1-471D-9D51-62D1009502EE}.Debug|Any CPU.Build.0 = Debug|Any CPU
		{A43694C6-FEC1-471D-9D51-62D1009502EE}.Release|Any CPU.ActiveCfg = Release|Any CPU
		{A43694C6-FEC1-471D-9D51-62D1009502EE}.Release|Any CPU.Build.0 = Release|Any CPU
	EndGlobalSection
	GlobalSection(SolutionProperties) = preSolution
		HideSolutionNode = FALSE
	EndGlobalSection
	GlobalSection(ExtensibilityGlobals) = postSolution
		SolutionGuid = {1ECA88A2-3030-4F58-87FE-2D6608775398}
	EndGlobalSection
EndGlobal
